
Microsoft Visual Studio Solution File, Format Version 12.00
# Visual Studio Version 17
VisualStudioVersion = 17.9.34607.119
MinimumVisualStudioVersion = 10.0.40219.1
Project("{9A19103F-16F7-4668-BE54-9A1E7A4F7556}") = "libreria_srv", "libreria_srv.csproj", "{DD128519-31D0-47D5-B7CC-38507489818A}"
EndProject
Project("{9A19103F-16F7-4668-BE54-9A1E7A4F7556}") = "libreria_data", "..\libreria_data\libreria_data.csproj", "{590C2870-78C0-4377-B21F-F05AFDD8ECA0}"
EndProject
Project("{9A19103F-16F7-4668-BE54-9A1E7A4F7556}") = "libreria_business", "..\libreria_business\libreria_business.csproj", "{B7A74FBD-2CB5-4AAD-912F-C53D48F69CD5}"
EndProject
Global
	GlobalSection(SolutionConfigurationPlatforms) = preSolution
		Debug|Any CPU = Debug|Any CPU
		Release|Any CPU = Release|Any CPU
	EndGlobalSection
	GlobalSection(ProjectConfigurationPlatforms) = postSolution
		{DD128519-31D0-47D5-B7CC-38507489818A}.Debug|Any CPU.ActiveCfg = Debug|Any CPU
		{DD128519-31D0-47D5-B7CC-38507489818A}.Debug|Any CPU.Build.0 = Debug|Any CPU
		{DD128519-31D0-47D5-B7CC-38507489818A}.Release|Any CPU.ActiveCfg = Release|Any CPU
		{DD128519-31D0-47D5-B7CC-38507489818A}.Release|Any CPU.Build.0 = Release|Any CPU
		{590C2870-78C0-4377-B21F-F05AFDD8ECA0}.Debug|Any CPU.ActiveCfg = Debug|Any CPU
		{590C2870-78C0-4377-B21F-F05AFDD8ECA0}.Debug|Any CPU.Build.0 = Debug|Any CPU
		{590C2870-78C0-4377-B21F-F05AFDD8ECA0}.Release|Any CPU.ActiveCfg = Release|Any CPU
		{590C2870-78C0-4377-B21F-F05AFDD8ECA0}.Release|Any CPU.Build.0 = Release|Any CPU
		{B7A74FBD-2CB5-4AAD-912F-C53D48F69CD5}.Debug|Any CPU.ActiveCfg = Debug|Any CPU
		{B7A74FBD-2CB5-4AAD-912F-C53D48F69CD5}.Debug|Any CPU.Build.0 = Debug|Any CPU
		{B7A74FBD-2CB5-4AAD-912F-C53D48F69CD5}.Release|Any CPU.ActiveCfg = Release|Any CPU
		{B7A74FBD-2CB5-4AAD-912F-C53D48F69CD5}.Release|Any CPU.Build.0 = Release|Any CPU
	EndGlobalSection
	GlobalSection(SolutionProperties) = preSolution
		HideSolutionNode = FALSE
	EndGlobalSection
	GlobalSection(ExtensibilityGlobals) = postSolution
		SolutionGuid = {B6D494B4-2615-44C2-9E5D-D8C6B70ED3BB}
	EndGlobalSection
EndGlobal
